
Microsoft Visual Studio Solution File, Format Version 10.00
# Visual Studio 2008
Project("{8BC9CEB8-8B4A-11D0-8D11-00A0C91BC942}") = "common", "common\common.vcproj", "{D15EDE19-E534-46B2-8464-2857D5D57B85}"
EndProject
Project("{8BC9CEB8-8B4A-11D0-8D11-00A0C91BC942}") = "vmrestd", "server\vmrestd\vmrestd.vcproj", "{8A0CBFD8-1FC7-4F8E-9BC9-083A11F6EA99}"
	ProjectSection(ProjectDependencies) = postProject
		{D15EDE19-E534-46B2-8464-2857D5D57B85} = {D15EDE19-E534-46B2-8464-2857D5D57B85}
		{6EC03452-CFAA-4B1C-86FE-6859CC7270EE} = {6EC03452-CFAA-4B1C-86FE-6859CC7270EE}
		{062357CE-AEC4-425B-B4EB-EE6D6A1CC96D} = {062357CE-AEC4-425B-B4EB-EE6D6A1CC96D}
		{F4ADC8FA-CED1-4435-95ED-561A11A34556} = {F4ADC8FA-CED1-4435-95ED-561A11A34556}
	EndProjectSection
EndProject
Project("{8BC9CEB8-8B4A-11D0-8D11-00A0C91BC942}") = "transport", "transport\transport.vcproj", "{F4ADC8FA-CED1-4435-95ED-561A11A34556}"
	ProjectSection(ProjectDependencies) = postProject
		{D15EDE19-E534-46B2-8464-2857D5D57B85} = {D15EDE19-E534-46B2-8464-2857D5D57B85}
	EndProjectSection
EndProject
Project("{8BC9CEB8-8B4A-11D0-8D11-00A0C91BC942}") = "api", "api\api.vcproj", "{6EC03452-CFAA-4B1C-86FE-6859CC7270EE}"
	ProjectSection(ProjectDependencies) = postProject
		{D15EDE19-E534-46B2-8464-2857D5D57B85} = {D15EDE19-E534-46B2-8464-2857D5D57B85}
		{F4ADC8FA-CED1-4435-95ED-561A11A34556} = {F4ADC8FA-CED1-4435-95ED-561A11A34556}
	EndProjectSection
EndProject
Project("{8BC9CEB8-8B4A-11D0-8D11-00A0C91BC942}") = "server", "server\server.vcproj", "{062357CE-AEC4-425B-B4EB-EE6D6A1CC96D}"
	ProjectSection(ProjectDependencies) = postProject
		{D15EDE19-E534-46B2-8464-2857D5D57B85} = {D15EDE19-E534-46B2-8464-2857D5D57B85}
		{6EC03452-CFAA-4B1C-86FE-6859CC7270EE} = {6EC03452-CFAA-4B1C-86FE-6859CC7270EE}
		{F4ADC8FA-CED1-4435-95ED-561A11A34556} = {F4ADC8FA-CED1-4435-95ED-561A11A34556}
	EndProjectSection
EndProject
Global
	GlobalSection(SolutionConfigurationPlatforms) = preSolution
		Debug|Win32 = Debug|Win32
		Debug|x64 = Debug|x64
		Release|Win32 = Release|Win32
		Release|x64 = Release|x64
	EndGlobalSection
	GlobalSection(ProjectConfigurationPlatforms) = postSolution
		{D15EDE19-E534-46B2-8464-2857D5D57B85}.Debug|Win32.ActiveCfg = Debug|Win32
		{D15EDE19-E534-46B2-8464-2857D5D57B85}.Debug|Win32.Build.0 = Debug|Win32
		{D15EDE19-E534-46B2-8464-2857D5D57B85}.Debug|x64.ActiveCfg = Debug|x64
		{D15EDE19-E534-46B2-8464-2857D5D57B85}.Debug|x64.Build.0 = Debug|x64
		{D15EDE19-E534-46B2-8464-2857D5D57B85}.Release|Win32.ActiveCfg = Release|Win32
		{D15EDE19-E534-46B2-8464-2857D5D57B85}.Release|Win32.Build.0 = Release|Win32
		{D15EDE19-E534-46B2-8464-2857D5D57B85}.Release|x64.ActiveCfg = Release|x64
		{D15EDE19-E534-46B2-8464-2857D5D57B85}.Release|x64.Build.0 = Release|x64
		{8A0CBFD8-1FC7-4F8E-9BC9-083A11F6EA99}.Debug|Win32.ActiveCfg = Debug|Win32
		{8A0CBFD8-1FC7-4F8E-9BC9-083A11F6EA99}.Debug|Win32.Build.0 = Debug|Win32
		{8A0CBFD8-1FC7-4F8E-9BC9-083A11F6EA99}.Debug|x64.ActiveCfg = Debug|x64
		{8A0CBFD8-1FC7-4F8E-9BC9-083A11F6EA99}.Debug|x64.Build.0 = Debug|x64
		{8A0CBFD8-1FC7-4F8E-9BC9-083A11F6EA99}.Release|Win32.ActiveCfg = Release|Win32
		{8A0CBFD8-1FC7-4F8E-9BC9-083A11F6EA99}.Release|Win32.Build.0 = Release|Win32
		{8A0CBFD8-1FC7-4F8E-9BC9-083A11F6EA99}.Release|x64.ActiveCfg = Release|x64
		{8A0CBFD8-1FC7-4F8E-9BC9-083A11F6EA99}.Release|x64.Build.0 = Release|x64
		{F4ADC8FA-CED1-4435-95ED-561A11A34556}.Debug|Win32.ActiveCfg = Debug|Win32
		{F4ADC8FA-CED1-4435-95ED-561A11A34556}.Debug|Win32.Build.0 = Debug|Win32
		{F4ADC8FA-CED1-4435-95ED-561A11A34556}.Debug|x64.ActiveCfg = Debug|x64
		{F4ADC8FA-CED1-4435-95ED-561A11A34556}.Debug|x64.Build.0 = Debug|x64
		{F4ADC8FA-CED1-4435-95ED-561A11A34556}.Release|Win32.ActiveCfg = Release|Win32
		{F4ADC8FA-CED1-4435-95ED-561A11A34556}.Release|Win32.Build.0 = Release|Win32
		{F4ADC8FA-CED1-4435-95ED-561A11A34556}.Release|x64.ActiveCfg = Release|x64
		{F4ADC8FA-CED1-4435-95ED-561A11A34556}.Release|x64.Build.0 = Release|x64
		{6EC03452-CFAA-4B1C-86FE-6859CC7270EE}.Debug|Win32.ActiveCfg = Debug|Win32
		{6EC03452-CFAA-4B1C-86FE-6859CC7270EE}.Debug|Win32.Build.0 = Debug|Win32
		{6EC03452-CFAA-4B1C-86FE-6859CC7270EE}.Debug|x64.ActiveCfg = Debug|x64
		{6EC03452-CFAA-4B1C-86FE-6859CC7270EE}.Debug|x64.Build.0 = Debug|x64
		{6EC03452-CFAA-4B1C-86FE-6859CC7270EE}.Release|Win32.ActiveCfg = Release|Win32
		{6EC03452-CFAA-4B1C-86FE-6859CC7270EE}.Release|Win32.Build.0 = Release|Win32
		{6EC03452-CFAA-4B1C-86FE-6859CC7270EE}.Release|x64.ActiveCfg = Release|x64
		{6EC03452-CFAA-4B1C-86FE-6859CC7270EE}.Release|x64.Build.0 = Release|x64
		{062357CE-AEC4-425B-B4EB-EE6D6A1CC96D}.Debug|Win32.ActiveCfg = Debug|Win32
		{062357CE-AEC4-425B-B4EB-EE6D6A1CC96D}.Debug|Win32.Build.0 = Debug|Win32
		{062357CE-AEC4-425B-B4EB-EE6D6A1CC96D}.Debug|x64.ActiveCfg = Debug|x64
		{062357CE-AEC4-425B-B4EB-EE6D6A1CC96D}.Debug|x64.Build.0 = Debug|x64
		{062357CE-AEC4-425B-B4EB-EE6D6A1CC96D}.Release|Win32.ActiveCfg = Release|Win32
		{062357CE-AEC4-425B-B4EB-EE6D6A1CC96D}.Release|Win32.Build.0 = Release|Win32
		{062357CE-AEC4-425B-B4EB-EE6D6A1CC96D}.Release|x64.ActiveCfg = Release|x64
		{062357CE-AEC4-425B-B4EB-EE6D6A1CC96D}.Release|x64.Build.0 = Release|x64
	EndGlobalSection
	GlobalSection(SolutionProperties) = preSolution
		HideSolutionNode = FALSE
	EndGlobalSection
EndGlobal
